// !$*UTF8*$!
{
	archiveVersion = 1;
	classes = {
	};
	objectVersion = 48;
	objects = {

/* Begin PBXBuildFile section */
		4F3C2463204EC88B003E5CC3 /* SF-Pro-Display-Regular.otf in Resources */ = {isa = PBXBuildFile; fileRef = 4F3C2451204EC889003E5CC3 /* SF-Pro-Display-Regular.otf */; };
		4F3C2464204EC88B003E5CC3 /* SF-Pro-Display-Medium.otf in Resources */ = {isa = PBXBuildFile; fileRef = 4F3C2452204EC889003E5CC3 /* SF-Pro-Display-Medium.otf */; };
		4F3C2465204EC88B003E5CC3 /* SF-Pro-Display-Black.otf in Resources */ = {isa = PBXBuildFile; fileRef = 4F3C2453204EC889003E5CC3 /* SF-Pro-Display-Black.otf */; };
		4F3C2466204EC88B003E5CC3 /* SF-Pro-Display-Semibold.otf in Resources */ = {isa = PBXBuildFile; fileRef = 4F3C2454204EC889003E5CC3 /* SF-Pro-Display-Semibold.otf */; };
		4F3C2467204EC88B003E5CC3 /* SF-Pro-Display-RegularItalic.otf in Resources */ = {isa = PBXBuildFile; fileRef = 4F3C2455204EC88A003E5CC3 /* SF-Pro-Display-RegularItalic.otf */; };
		4F3C2468204EC88B003E5CC3 /* SF-Pro-Display-Thin.otf in Resources */ = {isa = PBXBuildFile; fileRef = 4F3C2456204EC88A003E5CC3 /* SF-Pro-Display-Thin.otf */; };
		4F3C2469204EC88B003E5CC3 /* SF-Pro-Display-UltralightItalic.otf in Resources */ = {isa = PBXBuildFile; fileRef = 4F3C2457204EC88A003E5CC3 /* SF-Pro-Display-UltralightItalic.otf */; };
		4F3C246A204EC88B003E5CC3 /* SF-Pro-Display-MediumItalic.otf in Resources */ = {isa = PBXBuildFile; fileRef = 4F3C2458204EC88A003E5CC3 /* SF-Pro-Display-MediumItalic.otf */; };
		4F3C246B204EC88B003E5CC3 /* SF-Pro-Display-SemiboldItalic.otf in Resources */ = {isa = PBXBuildFile; fileRef = 4F3C2459204EC88A003E5CC3 /* SF-Pro-Display-SemiboldItalic.otf */; };
		4F3C246C204EC88B003E5CC3 /* SF-Pro-Display-BlackItalic.otf in Resources */ = {isa = PBXBuildFile; fileRef = 4F3C245A204EC88A003E5CC3 /* SF-Pro-Display-BlackItalic.otf */; };
		4F3C246D204EC88B003E5CC3 /* SF-Pro-Display-HeavyItalic.otf in Resources */ = {isa = PBXBuildFile; fileRef = 4F3C245B204EC88A003E5CC3 /* SF-Pro-Display-HeavyItalic.otf */; };
		4F3C246E204EC88B003E5CC3 /* SF-Pro-Display-ThinItalic.otf in Resources */ = {isa = PBXBuildFile; fileRef = 4F3C245C204EC88A003E5CC3 /* SF-Pro-Display-ThinItalic.otf */; };
		4F3C246F204EC88B003E5CC3 /* SF-Pro-Display-Bold.otf in Resources */ = {isa = PBXBuildFile; fileRef = 4F3C245D204EC88A003E5CC3 /* SF-Pro-Display-Bold.otf */; };
		4F3C2470204EC88B003E5CC3 /* SF-Pro-Display-Light.otf in Resources */ = {isa = PBXBuildFile; fileRef = 4F3C245E204EC88A003E5CC3 /* SF-Pro-Display-Light.otf */; };
		4F3C2471204EC88B003E5CC3 /* SF-Pro-Display-Ultralight.otf in Resources */ = {isa = PBXBuildFile; fileRef = 4F3C245F204EC88A003E5CC3 /* SF-Pro-Display-Ultralight.otf */; };
		4F3C2472204EC88B003E5CC3 /* SF-Pro-Display-BoldItalic.otf in Resources */ = {isa = PBXBuildFile; fileRef = 4F3C2460204EC88A003E5CC3 /* SF-Pro-Display-BoldItalic.otf */; };
		4F3C2473204EC88B003E5CC3 /* SF-Pro-Display-Heavy.otf in Resources */ = {isa = PBXBuildFile; fileRef = 4F3C2461204EC88B003E5CC3 /* SF-Pro-Display-Heavy.otf */; };
		4F3C2474204EC88B003E5CC3 /* SF-Pro-Display-LightItalic.otf in Resources */ = {isa = PBXBuildFile; fileRef = 4F3C2462204EC88B003E5CC3 /* SF-Pro-Display-LightItalic.otf */; };
		4FDB14381FFBDC8A00867FAC /* iTunes.sdef in Resources */ = {isa = PBXBuildFile; fileRef = 4FDB14341FFBDC8900867FAC /* iTunes.sdef */; };
		4FDB14391FFBDC8A00867FAC /* iTunes.swift in Sources */ = {isa = PBXBuildFile; fileRef = 4FDB14351FFBDC8900867FAC /* iTunes.swift */; };
		4FDB143A1FFBDC8A00867FAC /* iTunesScripting.swift in Sources */ = {isa = PBXBuildFile; fileRef = 4FDB14371FFBDC8A00867FAC /* iTunesScripting.swift */; };
		4FDB143F1FFBEDDA00867FAC /* TunesVC.swift in Sources */ = {isa = PBXBuildFile; fileRef = 4FDB143E1FFBEDDA00867FAC /* TunesVC.swift */; };
		4FFDA1E51FFB8E9300667333 /* AppDelegate.swift in Sources */ = {isa = PBXBuildFile; fileRef = 4FFDA1E41FFB8E9300667333 /* AppDelegate.swift */; };
		4FFDA1E91FFB8E9300667333 /* Assets.xcassets in Resources */ = {isa = PBXBuildFile; fileRef = 4FFDA1E81FFB8E9300667333 /* Assets.xcassets */; };
		4FFDA1EC1FFB8E9300667333 /* Main.storyboard in Resources */ = {isa = PBXBuildFile; fileRef = 4FFDA1EA1FFB8E9300667333 /* Main.storyboard */; };
		839365AA9E5D31DFB581EF09 /* Pods_LyricBar.framework in Frameworks */ = {isa = PBXBuildFile; fileRef = 060859B64C3A77FEF0F3304B /* Pods_LyricBar.framework */; };
/* End PBXBuildFile section */

/* Begin PBXFileReference section */
		060859B64C3A77FEF0F3304B /* Pods_LyricBar.framework */ = {isa = PBXFileReference; explicitFileType = wrapper.framework; includeInIndex = 0; path = Pods_LyricBar.framework; sourceTree = BUILT_PRODUCTS_DIR; };
		4F3C2451204EC889003E5CC3 /* SF-Pro-Display-Regular.otf */ = {isa = PBXFileReference; lastKnownFileType = file; path = "SF-Pro-Display-Regular.otf"; sourceTree = "<group>"; };
		4F3C2452204EC889003E5CC3 /* SF-Pro-Display-Medium.otf */ = {isa = PBXFileReference; lastKnownFileType = file; path = "SF-Pro-Display-Medium.otf"; sourceTree = "<group>"; };
		4F3C2453204EC889003E5CC3 /* SF-Pro-Display-Black.otf */ = {isa = PBXFileReference; lastKnownFileType = file; path = "SF-Pro-Display-Black.otf"; sourceTree = "<group>"; };
		4F3C2454204EC889003E5CC3 /* SF-Pro-Display-Semibold.otf */ = {isa = PBXFileReference; lastKnownFileType = file; path = "SF-Pro-Display-Semibold.otf"; sourceTree = "<group>"; };
		4F3C2455204EC88A003E5CC3 /* SF-Pro-Display-RegularItalic.otf */ = {isa = PBXFileReference; lastKnownFileType = file; path = "SF-Pro-Display-RegularItalic.otf"; sourceTree = "<group>"; };
		4F3C2456204EC88A003E5CC3 /* SF-Pro-Display-Thin.otf */ = {isa = PBXFileReference; lastKnownFileType = file; path = "SF-Pro-Display-Thin.otf"; sourceTree = "<group>"; };
		4F3C2457204EC88A003E5CC3 /* SF-Pro-Display-UltralightItalic.otf */ = {isa = PBXFileReference; lastKnownFileType = file; path = "SF-Pro-Display-UltralightItalic.otf"; sourceTree = "<group>"; };
		4F3C2458204EC88A003E5CC3 /* SF-Pro-Display-MediumItalic.otf */ = {isa = PBXFileReference; lastKnownFileType = file; path = "SF-Pro-Display-MediumItalic.otf"; sourceTree = "<group>"; };
		4F3C2459204EC88A003E5CC3 /* SF-Pro-Display-SemiboldItalic.otf */ = {isa = PBXFileReference; lastKnownFileType = file; path = "SF-Pro-Display-SemiboldItalic.otf"; sourceTree = "<group>"; };
		4F3C245A204EC88A003E5CC3 /* SF-Pro-Display-BlackItalic.otf */ = {isa = PBXFileReference; lastKnownFileType = file; path = "SF-Pro-Display-BlackItalic.otf"; sourceTree = "<group>"; };
		4F3C245B204EC88A003E5CC3 /* SF-Pro-Display-HeavyItalic.otf */ = {isa = PBXFileReference; lastKnownFileType = file; path = "SF-Pro-Display-HeavyItalic.otf"; sourceTree = "<group>"; };
		4F3C245C204EC88A003E5CC3 /* SF-Pro-Display-ThinItalic.otf */ = {isa = PBXFileReference; lastKnownFileType = file; path = "SF-Pro-Display-ThinItalic.otf"; sourceTree = "<group>"; };
		4F3C245D204EC88A003E5CC3 /* SF-Pro-Display-Bold.otf */ = {isa = PBXFileReference; lastKnownFileType = file; path = "SF-Pro-Display-Bold.otf"; sourceTree = "<group>"; };
		4F3C245E204EC88A003E5CC3 /* SF-Pro-Display-Light.otf */ = {isa = PBXFileReference; lastKnownFileType = file; path = "SF-Pro-Display-Light.otf"; sourceTree = "<group>"; };
		4F3C245F204EC88A003E5CC3 /* SF-Pro-Display-Ultralight.otf */ = {isa = PBXFileReference; lastKnownFileType = file; path = "SF-Pro-Display-Ultralight.otf"; sourceTree = "<group>"; };
		4F3C2460204EC88A003E5CC3 /* SF-Pro-Display-BoldItalic.otf */ = {isa = PBXFileReference; lastKnownFileType = file; path = "SF-Pro-Display-BoldItalic.otf"; sourceTree = "<group>"; };
		4F3C2461204EC88B003E5CC3 /* SF-Pro-Display-Heavy.otf */ = {isa = PBXFileReference; lastKnownFileType = file; path = "SF-Pro-Display-Heavy.otf"; sourceTree = "<group>"; };
		4F3C2462204EC88B003E5CC3 /* SF-Pro-Display-LightItalic.otf */ = {isa = PBXFileReference; lastKnownFileType = file; path = "SF-Pro-Display-LightItalic.otf"; sourceTree = "<group>"; };
		4FDB14341FFBDC8900867FAC /* iTunes.sdef */ = {isa = PBXFileReference; fileEncoding = 4; lastKnownFileType = text.xml; path = iTunes.sdef; sourceTree = "<group>"; };
		4FDB14351FFBDC8900867FAC /* iTunes.swift */ = {isa = PBXFileReference; fileEncoding = 4; lastKnownFileType = sourcecode.swift; path = iTunes.swift; sourceTree = "<group>"; };
		4FDB14361FFBDC8900867FAC /* iTunes.h */ = {isa = PBXFileReference; fileEncoding = 4; lastKnownFileType = sourcecode.c.h; path = iTunes.h; sourceTree = "<group>"; };
		4FDB14371FFBDC8A00867FAC /* iTunesScripting.swift */ = {isa = PBXFileReference; fileEncoding = 4; lastKnownFileType = sourcecode.swift; path = iTunesScripting.swift; sourceTree = "<group>"; };
		4FDB143E1FFBEDDA00867FAC /* TunesVC.swift */ = {isa = PBXFileReference; lastKnownFileType = sourcecode.swift; path = TunesVC.swift; sourceTree = "<group>"; };
		4FFDA1E11FFB8E9300667333 /* LyricBar.app */ = {isa = PBXFileReference; explicitFileType = wrapper.application; includeInIndex = 0; path = LyricBar.app; sourceTree = BUILT_PRODUCTS_DIR; };
		4FFDA1E41FFB8E9300667333 /* AppDelegate.swift */ = {isa = PBXFileReference; lastKnownFileType = sourcecode.swift; path = AppDelegate.swift; sourceTree = "<group>"; };
		4FFDA1E81FFB8E9300667333 /* Assets.xcassets */ = {isa = PBXFileReference; lastKnownFileType = folder.assetcatalog; path = Assets.xcassets; sourceTree = "<group>"; };
		4FFDA1EB1FFB8E9300667333 /* Base */ = {isa = PBXFileReference; lastKnownFileType = file.storyboard; name = Base; path = Base.lproj/Main.storyboard; sourceTree = "<group>"; };
		4FFDA1ED1FFB8E9300667333 /* Info.plist */ = {isa = PBXFileReference; lastKnownFileType = text.plist.xml; path = Info.plist; sourceTree = "<group>"; };
		4FFDA1EE1FFB8E9300667333 /* LyricBar.entitlements */ = {isa = PBXFileReference; lastKnownFileType = text.plist.entitlements; path = LyricBar.entitlements; sourceTree = "<group>"; };
		742623A75A68E53F8106B176 /* Pods-LyricBar.debug.xcconfig */ = {isa = PBXFileReference; includeInIndex = 1; lastKnownFileType = text.xcconfig; name = "Pods-LyricBar.debug.xcconfig"; path = "Pods/Target Support Files/Pods-LyricBar/Pods-LyricBar.debug.xcconfig"; sourceTree = "<group>"; };
		E883480311BEC2F09F4529B3 /* Pods-LyricBar.release.xcconfig */ = {isa = PBXFileReference; includeInIndex = 1; lastKnownFileType = text.xcconfig; name = "Pods-LyricBar.release.xcconfig"; path = "Pods/Target Support Files/Pods-LyricBar/Pods-LyricBar.release.xcconfig"; sourceTree = "<group>"; };
/* End PBXFileReference section */

/* Begin PBXFrameworksBuildPhase section */
		4FFDA1DE1FFB8E9300667333 /* Frameworks */ = {
			isa = PBXFrameworksBuildPhase;
			buildActionMask = 2147483647;
			files = (
				839365AA9E5D31DFB581EF09 /* Pods_LyricBar.framework in Frameworks */,
			);
			runOnlyForDeploymentPostprocessing = 0;
		};
/* End PBXFrameworksBuildPhase section */

/* Begin PBXGroup section */
		4F3C2450204EC817003E5CC3 /* San Francisco */ = {
			isa = PBXGroup;
			children = (
				4F3C2453204EC889003E5CC3 /* SF-Pro-Display-Black.otf */,
				4F3C245A204EC88A003E5CC3 /* SF-Pro-Display-BlackItalic.otf */,
				4F3C245D204EC88A003E5CC3 /* SF-Pro-Display-Bold.otf */,
				4F3C2460204EC88A003E5CC3 /* SF-Pro-Display-BoldItalic.otf */,
				4F3C2461204EC88B003E5CC3 /* SF-Pro-Display-Heavy.otf */,
				4F3C245B204EC88A003E5CC3 /* SF-Pro-Display-HeavyItalic.otf */,
				4F3C245E204EC88A003E5CC3 /* SF-Pro-Display-Light.otf */,
				4F3C2462204EC88B003E5CC3 /* SF-Pro-Display-LightItalic.otf */,
				4F3C2452204EC889003E5CC3 /* SF-Pro-Display-Medium.otf */,
				4F3C2458204EC88A003E5CC3 /* SF-Pro-Display-MediumItalic.otf */,
				4F3C2451204EC889003E5CC3 /* SF-Pro-Display-Regular.otf */,
				4F3C2455204EC88A003E5CC3 /* SF-Pro-Display-RegularItalic.otf */,
				4F3C2454204EC889003E5CC3 /* SF-Pro-Display-Semibold.otf */,
				4F3C2459204EC88A003E5CC3 /* SF-Pro-Display-SemiboldItalic.otf */,
				4F3C2456204EC88A003E5CC3 /* SF-Pro-Display-Thin.otf */,
				4F3C245C204EC88A003E5CC3 /* SF-Pro-Display-ThinItalic.otf */,
				4F3C245F204EC88A003E5CC3 /* SF-Pro-Display-Ultralight.otf */,
				4F3C2457204EC88A003E5CC3 /* SF-Pro-Display-UltralightItalic.otf */,
			);
			path = "San Francisco";
			sourceTree = "<group>";
		};
		4FDB143B1FFBDC9200867FAC /* iTunes */ = {
			isa = PBXGroup;
			children = (
				4FDB14361FFBDC8900867FAC /* iTunes.h */,
				4FDB14341FFBDC8900867FAC /* iTunes.sdef */,
				4FDB14351FFBDC8900867FAC /* iTunes.swift */,
				4FDB14371FFBDC8A00867FAC /* iTunesScripting.swift */,
			);
			path = iTunes;
			sourceTree = "<group>";
		};
		4FFDA1D81FFB8E9200667333 = {
			isa = PBXGroup;
			children = (
				4FFDA1E31FFB8E9300667333 /* LyricBar */,
				4FFDA1E21FFB8E9300667333 /* Products */,
				C39170EB1FDE32E4B791E352 /* Pods */,
				880BDB8BA448B448FB4F1D46 /* Frameworks */,
			);
			sourceTree = "<group>";
		};
		4FFDA1E21FFB8E9300667333 /* Products */ = {
			isa = PBXGroup;
			children = (
				4FFDA1E11FFB8E9300667333 /* LyricBar.app */,
			);
			name = Products;
			sourceTree = "<group>";
		};
		4FFDA1E31FFB8E9300667333 /* LyricBar */ = {
			isa = PBXGroup;
			children = (
				4F3C2450204EC817003E5CC3 /* San Francisco */,
				4FDB143B1FFBDC9200867FAC /* iTunes */,
				4FFDA1E41FFB8E9300667333 /* AppDelegate.swift */,
				4FDB143E1FFBEDDA00867FAC /* TunesVC.swift */,
				4FFDA1E81FFB8E9300667333 /* Assets.xcassets */,
				4FFDA1EA1FFB8E9300667333 /* Main.storyboard */,
				4FFDA1ED1FFB8E9300667333 /* Info.plist */,
				4FFDA1EE1FFB8E9300667333 /* LyricBar.entitlements */,
			);
			path = LyricBar;
			sourceTree = "<group>";
		};
		880BDB8BA448B448FB4F1D46 /* Frameworks */ = {
			isa = PBXGroup;
			children = (
				060859B64C3A77FEF0F3304B /* Pods_LyricBar.framework */,
			);
			name = Frameworks;
			sourceTree = "<group>";
		};
		C39170EB1FDE32E4B791E352 /* Pods */ = {
			isa = PBXGroup;
			children = (
				742623A75A68E53F8106B176 /* Pods-LyricBar.debug.xcconfig */,
				E883480311BEC2F09F4529B3 /* Pods-LyricBar.release.xcconfig */,
			);
			name = Pods;
			sourceTree = "<group>";
		};
/* End PBXGroup section */

/* Begin PBXNativeTarget section */
		4FFDA1E01FFB8E9300667333 /* LyricBar */ = {
			isa = PBXNativeTarget;
			buildConfigurationList = 4FFDA1F11FFB8E9300667333 /* Build configuration list for PBXNativeTarget "LyricBar" */;
			buildPhases = (
				9C00D06CE0C0FE311163E7B5 /* [CP] Check Pods Manifest.lock */,
				4FFDA1DD1FFB8E9300667333 /* Sources */,
				4FFDA1DE1FFB8E9300667333 /* Frameworks */,
				4FFDA1DF1FFB8E9300667333 /* Resources */,
				BD860C209688A6AA6A938E07 /* [CP] Embed Pods Frameworks */,
				8570FA7FA987A3C6B5DE0101 /* [CP] Copy Pods Resources */,
			);
			buildRules = (
			);
			dependencies = (
			);
			name = LyricBar;
			productName = LyricBar;
			productReference = 4FFDA1E11FFB8E9300667333 /* LyricBar.app */;
			productType = "com.apple.product-type.application";
		};
/* End PBXNativeTarget section */

/* Begin PBXProject section */
		4FFDA1D91FFB8E9200667333 /* Project object */ = {
			isa = PBXProject;
			attributes = {
				LastSwiftUpdateCheck = 0910;
				LastUpgradeCheck = 0910;
				ORGANIZATIONNAME = "Elliott Rarden";
				TargetAttributes = {
					4FFDA1E01FFB8E9300667333 = {
						CreatedOnToolsVersion = 9.1;
						ProvisioningStyle = Automatic;
						SystemCapabilities = {
							com.apple.Sandbox = {
								enabled = 0;
							};
						};
					};
				};
			};
			buildConfigurationList = 4FFDA1DC1FFB8E9200667333 /* Build configuration list for PBXProject "LyricBar" */;
			compatibilityVersion = "Xcode 8.0";
			developmentRegion = en;
			hasScannedForEncodings = 0;
			knownRegions = (
				en,
				Base,
			);
			mainGroup = 4FFDA1D81FFB8E9200667333;
			productRefGroup = 4FFDA1E21FFB8E9300667333 /* Products */;
			projectDirPath = "";
			projectRoot = "";
			targets = (
				4FFDA1E01FFB8E9300667333 /* LyricBar */,
			);
		};
/* End PBXProject section */

/* Begin PBXResourcesBuildPhase section */
		4FFDA1DF1FFB8E9300667333 /* Resources */ = {
			isa = PBXResourcesBuildPhase;
			buildActionMask = 2147483647;
			files = (
				4F3C246C204EC88B003E5CC3 /* SF-Pro-Display-BlackItalic.otf in Resources */,
				4FDB14381FFBDC8A00867FAC /* iTunes.sdef in Resources */,
				4FFDA1E91FFB8E9300667333 /* Assets.xcassets in Resources */,
				4F3C2471204EC88B003E5CC3 /* SF-Pro-Display-Ultralight.otf in Resources */,
				4F3C2468204EC88B003E5CC3 /* SF-Pro-Display-Thin.otf in Resources */,
				4F3C2463204EC88B003E5CC3 /* SF-Pro-Display-Regular.otf in Resources */,
				4F3C2466204EC88B003E5CC3 /* SF-Pro-Display-Semibold.otf in Resources */,
				4F3C246F204EC88B003E5CC3 /* SF-Pro-Display-Bold.otf in Resources */,
				4F3C2467204EC88B003E5CC3 /* SF-Pro-Display-RegularItalic.otf in Resources */,
				4F3C246A204EC88B003E5CC3 /* SF-Pro-Display-MediumItalic.otf in Resources */,
				4FFDA1EC1FFB8E9300667333 /* Main.storyboard in Resources */,
				4F3C2473204EC88B003E5CC3 /* SF-Pro-Display-Heavy.otf in Resources */,
				4F3C246D204EC88B003E5CC3 /* SF-Pro-Display-HeavyItalic.otf in Resources */,
				4F3C246B204EC88B003E5CC3 /* SF-Pro-Display-SemiboldItalic.otf in Resources */,
				4F3C2464204EC88B003E5CC3 /* SF-Pro-Display-Medium.otf in Resources */,
				4F3C2472204EC88B003E5CC3 /* SF-Pro-Display-BoldItalic.otf in Resources */,
				4F3C2470204EC88B003E5CC3 /* SF-Pro-Display-Light.otf in Resources */,
				4F3C2465204EC88B003E5CC3 /* SF-Pro-Display-Black.otf in Resources */,
				4F3C246E204EC88B003E5CC3 /* SF-Pro-Display-ThinItalic.otf in Resources */,
				4F3C2469204EC88B003E5CC3 /* SF-Pro-Display-UltralightItalic.otf in Resources */,
				4F3C2474204EC88B003E5CC3 /* SF-Pro-Display-LightItalic.otf in Resources */,
			);
			runOnlyForDeploymentPostprocessing = 0;
		};
/* End PBXResourcesBuildPhase section */

/* Begin PBXShellScriptBuildPhase section */
		8570FA7FA987A3C6B5DE0101 /* [CP] Copy Pods Resources */ = {
			isa = PBXShellScriptBuildPhase;
			buildActionMask = 2147483647;
			files = (
			);
			inputPaths = (
			);
			name = "[CP] Copy Pods Resources";
			outputPaths = (
			);
			runOnlyForDeploymentPostprocessing = 0;
			shellPath = /bin/sh;
			shellScript = "\"${SRCROOT}/Pods/Target Support Files/Pods-LyricBar/Pods-LyricBar-resources.sh\"\n";
			showEnvVarsInLog = 0;
		};
		9C00D06CE0C0FE311163E7B5 /* [CP] Check Pods Manifest.lock */ = {
			isa = PBXShellScriptBuildPhase;
			buildActionMask = 2147483647;
			files = (
			);
			inputPaths = (
				"${PODS_PODFILE_DIR_PATH}/Podfile.lock",
				"${PODS_ROOT}/Manifest.lock",
			);
			name = "[CP] Check Pods Manifest.lock";
			outputPaths = (
				"$(DERIVED_FILE_DIR)/Pods-LyricBar-checkManifestLockResult.txt",
			);
			runOnlyForDeploymentPostprocessing = 0;
			shellPath = /bin/sh;
			shellScript = "diff \"${PODS_PODFILE_DIR_PATH}/Podfile.lock\" \"${PODS_ROOT}/Manifest.lock\" > /dev/null\nif [ $? != 0 ] ; then\n    # print error to STDERR\n    echo \"error: The sandbox is not in sync with the Podfile.lock. Run 'pod install' or update your CocoaPods installation.\" >&2\n    exit 1\nfi\n# This output is used by Xcode 'outputs' to avoid re-running this script phase.\necho \"SUCCESS\" > \"${SCRIPT_OUTPUT_FILE_0}\"\n";
			showEnvVarsInLog = 0;
		};
		BD860C209688A6AA6A938E07 /* [CP] Embed Pods Frameworks */ = {
			isa = PBXShellScriptBuildPhase;
			buildActionMask = 2147483647;
			files = (
			);
			inputPaths = (
				"${SRCROOT}/Pods/Target Support Files/Pods-LyricBar/Pods-LyricBar-frameworks.sh",
				"${BUILT_PRODUCTS_DIR}/Magnet/Magnet.framework",
			);
			name = "[CP] Embed Pods Frameworks";
			outputPaths = (
				"${TARGET_BUILD_DIR}/${FRAMEWORKS_FOLDER_PATH}/Magnet.framework",
			);
			runOnlyForDeploymentPostprocessing = 0;
			shellPath = /bin/sh;
			shellScript = "\"${SRCROOT}/Pods/Target Support Files/Pods-LyricBar/Pods-LyricBar-frameworks.sh\"\n";
			showEnvVarsInLog = 0;
		};
/* End PBXShellScriptBuildPhase section */

/* Begin PBXSourcesBuildPhase section */
		4FFDA1DD1FFB8E9300667333 /* Sources */ = {
			isa = PBXSourcesBuildPhase;
			buildActionMask = 2147483647;
			files = (
				4FDB143F1FFBEDDA00867FAC /* TunesVC.swift in Sources */,
				4FDB14391FFBDC8A00867FAC /* iTunes.swift in Sources */,
				4FFDA1E51FFB8E9300667333 /* AppDelegate.swift in Sources */,
				4FDB143A1FFBDC8A00867FAC /* iTunesScripting.swift in Sources */,
			);
			runOnlyForDeploymentPostprocessing = 0;
		};
/* End PBXSourcesBuildPhase section */

/* Begin PBXVariantGroup section */
		4FFDA1EA1FFB8E9300667333 /* Main.storyboard */ = {
			isa = PBXVariantGroup;
			children = (
				4FFDA1EB1FFB8E9300667333 /* Base */,
			);
			name = Main.storyboard;
			sourceTree = "<group>";
		};
/* End PBXVariantGroup section */

/* Begin XCBuildConfiguration section */
		4FFDA1EF1FFB8E9300667333 /* Debug */ = {
			isa = XCBuildConfiguration;
			buildSettings = {
				ALWAYS_SEARCH_USER_PATHS = NO;
				CLANG_ANALYZER_NONNULL = YES;
				CLANG_ANALYZER_NUMBER_OBJECT_CONVERSION = YES_AGGRESSIVE;
				CLANG_CXX_LANGUAGE_STANDARD = "gnu++14";
				CLANG_CXX_LIBRARY = "libc++";
				CLANG_ENABLE_MODULES = YES;
				CLANG_ENABLE_OBJC_ARC = YES;
				CLANG_WARN_BLOCK_CAPTURE_AUTORELEASING = YES;
				CLANG_WARN_BOOL_CONVERSION = YES;
				CLANG_WARN_COMMA = YES;
				CLANG_WARN_CONSTANT_CONVERSION = YES;
				CLANG_WARN_DIRECT_OBJC_ISA_USAGE = YES_ERROR;
				CLANG_WARN_DOCUMENTATION_COMMENTS = YES;
				CLANG_WARN_EMPTY_BODY = YES;
				CLANG_WARN_ENUM_CONVERSION = YES;
				CLANG_WARN_INFINITE_RECURSION = YES;
				CLANG_WARN_INT_CONVERSION = YES;
				CLANG_WARN_NON_LITERAL_NULL_CONVERSION = YES;
				CLANG_WARN_OBJC_LITERAL_CONVERSION = YES;
				CLANG_WARN_OBJC_ROOT_CLASS = YES_ERROR;
				CLANG_WARN_RANGE_LOOP_ANALYSIS = YES;
				CLANG_WARN_STRICT_PROTOTYPES = YES;
				CLANG_WARN_SUSPICIOUS_MOVE = YES;
				CLANG_WARN_UNGUARDED_AVAILABILITY = YES_AGGRESSIVE;
				CLANG_WARN_UNREACHABLE_CODE = YES;
				CLANG_WARN__DUPLICATE_METHOD_MATCH = YES;
				CODE_SIGN_IDENTITY = "Mac Developer";
				COPY_PHASE_STRIP = NO;
				DEBUG_INFORMATION_FORMAT = dwarf;
				ENABLE_STRICT_OBJC_MSGSEND = YES;
				ENABLE_TESTABILITY = YES;
				GCC_C_LANGUAGE_STANDARD = gnu11;
				GCC_DYNAMIC_NO_PIC = NO;
				GCC_NO_COMMON_BLOCKS = YES;
				GCC_OPTIMIZATION_LEVEL = 0;
				GCC_PREPROCESSOR_DEFINITIONS = (
					"DEBUG=1",
					"$(inherited)",
				);
				GCC_WARN_64_TO_32_BIT_CONVERSION = YES;
				GCC_WARN_ABOUT_RETURN_TYPE = YES_ERROR;
				GCC_WARN_UNDECLARED_SELECTOR = YES;
				GCC_WARN_UNINITIALIZED_AUTOS = YES_AGGRESSIVE;
				GCC_WARN_UNUSED_FUNCTION = YES;
				GCC_WARN_UNUSED_VARIABLE = YES;
				MACOSX_DEPLOYMENT_TARGET = 10.12;
				MTL_ENABLE_DEBUG_INFO = YES;
				ONLY_ACTIVE_ARCH = YES;
				SDKROOT = macosx;
				SWIFT_ACTIVE_COMPILATION_CONDITIONS = DEBUG;
				SWIFT_OPTIMIZATION_LEVEL = "-Onone";
			};
			name = Debug;
		};
		4FFDA1F01FFB8E9300667333 /* Release */ = {
			isa = XCBuildConfiguration;
			buildSettings = {
				ALWAYS_SEARCH_USER_PATHS = NO;
				CLANG_ANALYZER_NONNULL = YES;
				CLANG_ANALYZER_NUMBER_OBJECT_CONVERSION = YES_AGGRESSIVE;
				CLANG_CXX_LANGUAGE_STANDARD = "gnu++14";
				CLANG_CXX_LIBRARY = "libc++";
				CLANG_ENABLE_MODULES = YES;
				CLANG_ENABLE_OBJC_ARC = YES;
				CLANG_WARN_BLOCK_CAPTURE_AUTORELEASING = YES;
				CLANG_WARN_BOOL_CONVERSION = YES;
				CLANG_WARN_COMMA = YES;
				CLANG_WARN_CONSTANT_CONVERSION = YES;
				CLANG_WARN_DIRECT_OBJC_ISA_USAGE = YES_ERROR;
				CLANG_WARN_DOCUMENTATION_COMMENTS = YES;
				CLANG_WARN_EMPTY_BODY = YES;
				CLANG_WARN_ENUM_CONVERSION = YES;
				CLANG_WARN_INFINITE_RECURSION = YES;
				CLANG_WARN_INT_CONVERSION = YES;
				CLANG_WARN_NON_LITERAL_NULL_CONVERSION = YES;
				CLANG_WARN_OBJC_LITERAL_CONVERSION = YES;
				CLANG_WARN_OBJC_ROOT_CLASS = YES_ERROR;
				CLANG_WARN_RANGE_LOOP_ANALYSIS = YES;
				CLANG_WARN_STRICT_PROTOTYPES = YES;
				CLANG_WARN_SUSPICIOUS_MOVE = YES;
				CLANG_WARN_UNGUARDED_AVAILABILITY = YES_AGGRESSIVE;
				CLANG_WARN_UNREACHABLE_CODE = YES;
				CLANG_WARN__DUPLICATE_METHOD_MATCH = YES;
				CODE_SIGN_IDENTITY = "Mac Developer";
				COPY_PHASE_STRIP = NO;
				DEBUG_INFORMATION_FORMAT = "dwarf-with-dsym";
				ENABLE_NS_ASSERTIONS = NO;
				ENABLE_STRICT_OBJC_MSGSEND = YES;
				GCC_C_LANGUAGE_STANDARD = gnu11;
				GCC_NO_COMMON_BLOCKS = YES;
				GCC_WARN_64_TO_32_BIT_CONVERSION = YES;
				GCC_WARN_ABOUT_RETURN_TYPE = YES_ERROR;
				GCC_WARN_UNDECLARED_SELECTOR = YES;
				GCC_WARN_UNINITIALIZED_AUTOS = YES_AGGRESSIVE;
				GCC_WARN_UNUSED_FUNCTION = YES;
				GCC_WARN_UNUSED_VARIABLE = YES;
				MACOSX_DEPLOYMENT_TARGET = 10.12;
				MTL_ENABLE_DEBUG_INFO = NO;
				SDKROOT = macosx;
				SWIFT_OPTIMIZATION_LEVEL = "-Owholemodule";
			};
			name = Release;
		};
		4FFDA1F21FFB8E9300667333 /* Debug */ = {
			isa = XCBuildConfiguration;
			baseConfigurationReference = 742623A75A68E53F8106B176 /* Pods-LyricBar.debug.xcconfig */;
			buildSettings = {
				ASSETCATALOG_COMPILER_APPICON_NAME = AppIcon;
				CODE_SIGN_STYLE = Automatic;
				COMBINE_HIDPI_IMAGES = YES;
				DEVELOPMENT_TEAM = 3MQ278HHYS;
				INFOPLIST_FILE = LyricBar/Info.plist;
				LD_RUNPATH_SEARCH_PATHS = "$(inherited) @executable_path/../Frameworks";
				PRODUCT_BUNDLE_IDENTIFIER = me.elliottrarden.LyricBar;
				PRODUCT_NAME = "$(TARGET_NAME)";
				SWIFT_VERSION = 4.0;
			};
			name = Debug;
		};
		4FFDA1F31FFB8E9300667333 /* Release */ = {
			isa = XCBuildConfiguration;
			baseConfigurationReference = E883480311BEC2F09F4529B3 /* Pods-LyricBar.release.xcconfig */;
			buildSettings = {
				ASSETCATALOG_COMPILER_APPICON_NAME = AppIcon;
				CODE_SIGN_STYLE = Automatic;
				COMBINE_HIDPI_IMAGES = YES;
				DEVELOPMENT_TEAM = 3MQ278HHYS;
				INFOPLIST_FILE = LyricBar/Info.plist;
				LD_RUNPATH_SEARCH_PATHS = "$(inherited) @executable_path/../Frameworks";
				PRODUCT_BUNDLE_IDENTIFIER = me.elliottrarden.LyricBar;
				PRODUCT_NAME = "$(TARGET_NAME)";
				SWIFT_VERSION = 4.0;
			};
			name = Release;
		};
/* End XCBuildConfiguration section */

/* Begin XCConfigurationList section */
		4FFDA1DC1FFB8E9200667333 /* Build configuration list for PBXProject "LyricBar" */ = {
			isa = XCConfigurationList;
			buildConfigurations = (
				4FFDA1EF1FFB8E9300667333 /* Debug */,
				4FFDA1F01FFB8E9300667333 /* Release */,
			);
			defaultConfigurationIsVisible = 0;
			defaultConfigurationName = Release;
		};
		4FFDA1F11FFB8E9300667333 /* Build configuration list for PBXNativeTarget "LyricBar" */ = {
			isa = XCConfigurationList;
			buildConfigurations = (
				4FFDA1F21FFB8E9300667333 /* Debug */,
				4FFDA1F31FFB8E9300667333 /* Release */,
			);
			defaultConfigurationIsVisible = 0;
			defaultConfigurationName = Release;
		};
/* End XCConfigurationList section */
	};
	rootObject = 4FFDA1D91FFB8E9200667333 /* Project object */;
}
